
Microsoft Visual Studio Solution File, Format Version 12.00
# Visual Studio Version 16
VisualStudioVersion = 25.0.1705.0
MinimumVisualStudioVersion = 10.0.40219.1
Project("{FAE04EC0-301F-11D3-BF4B-00C04F79EFBC}") = "Mapbox.iOSQs", "Mapbox.iOSQs\Mapbox.iOSQs.csproj", "{3A2E7243-0208-4292-92B4-8C25F27B9843}"
EndProject
Global
	GlobalSection(SolutionConfigurationPlatforms) = preSolution
		Debug|iPhoneSimulator = Debug|iPhoneSimulator
		Release|iPhone = Release|iPhone
		Release|iPhoneSimulator = Release|iPhoneSimulator
		Debug|iPhone = Debug|iPhone
	EndGlobalSection
	GlobalSection(ProjectConfigurationPlatforms) = postSolution
		{3A2E7243-0208-4292-92B4-8C25F27B9843}.Debug|iPhoneSimulator.ActiveCfg = Debug|iPhoneSimulator
		{3A2E7243-0208-4292-92B4-8C25F27B9843}.Debug|iPhoneSimulator.Build.0 = Debug|iPhoneSimulator
		{3A2E7243-0208-4292-92B4-8C25F27B9843}.Release|iPhone.ActiveCfg = Release|iPhone
		{3A2E7243-0208-4292-92B4-8C25F27B9843}.Release|iPhone.Build.0 = Release|iPhone
		{3A2E7243-0208-4292-92B4-8C25F27B9843}.Release|iPhoneSimulator.ActiveCfg = Release|iPhoneSimulator
		{3A2E7243-0208-4292-92B4-8C25F27B9843}.Release|iPhoneSimulator.Build.0 = Release|iPhoneSimulator
		{3A2E7243-0208-4292-92B4-8C25F27B9843}.Debug|iPhone.ActiveCfg = Debug|iPhone
		{3A2E7243-0208-4292-92B4-8C25F27B9843}.Debug|iPhone.Build.0 = Debug|iPhone
	EndGlobalSection
	GlobalSection(SolutionProperties) = preSolution
		HideSolutionNode = FALSE
	EndGlobalSection
	GlobalSection(ExtensibilityGlobals) = postSolution
		SolutionGuid = {51146E84-67A9-4740-BBFF-10E702421B19}
	EndGlobalSection
EndGlobal
